// !$*UTF8*$!
{
	archiveVersion = 1;
	classes = {
	};
	objectVersion = 50;
	objects = {

/* Begin PBXBuildFile section */
		07D50F9624475C4600BE75D1 /* AppDelegate.swift in Sources */ = {isa = PBXBuildFile; fileRef = 07D50F9524475C4600BE75D1 /* AppDelegate.swift */; };
		07D50F9824475C4600BE75D1 /* SceneDelegate.swift in Sources */ = {isa = PBXBuildFile; fileRef = 07D50F9724475C4600BE75D1 /* SceneDelegate.swift */; };
		07D50F9A24475C4600BE75D1 /* ViewController.swift in Sources */ = {isa = PBXBuildFile; fileRef = 07D50F9924475C4600BE75D1 /* ViewController.swift */; };
		07D50F9D24475C4600BE75D1 /* Main.storyboard in Resources */ = {isa = PBXBuildFile; fileRef = 07D50F9B24475C4600BE75D1 /* Main.storyboard */; };
		07D50F9F24475C4C00BE75D1 /* Assets.xcassets in Resources */ = {isa = PBXBuildFile; fileRef = 07D50F9E24475C4C00BE75D1 /* Assets.xcassets */; };
		07D50FA224475C4C00BE75D1 /* LaunchScreen.storyboard in Resources */ = {isa = PBXBuildFile; fileRef = 07D50FA024475C4C00BE75D1 /* LaunchScreen.storyboard */; };
		07D50FAD24475C4C00BE75D1 /* TicTacToeTests.swift in Sources */ = {isa = PBXBuildFile; fileRef = 07D50FAC24475C4C00BE75D1 /* TicTacToeTests.swift */; };
		07D50FB824475C4C00BE75D1 /* TicTacToeUITests.swift in Sources */ = {isa = PBXBuildFile; fileRef = 07D50FB724475C4C00BE75D1 /* TicTacToeUITests.swift */; };
/* End PBXBuildFile section */

/* Begin PBXContainerItemProxy section */
		07D50FA924475C4C00BE75D1 /* PBXContainerItemProxy */ = {
			isa = PBXContainerItemProxy;
			containerPortal = 07D50F8A24475C4600BE75D1 /* Project object */;
			proxyType = 1;
			remoteGlobalIDString = 07D50F9124475C4600BE75D1;
			remoteInfo = TicTacToe;
		};
		07D50FB424475C4C00BE75D1 /* PBXContainerItemProxy */ = {
			isa = PBXContainerItemProxy;
			containerPortal = 07D50F8A24475C4600BE75D1 /* Project object */;
			proxyType = 1;
			remoteGlobalIDString = 07D50F9124475C4600BE75D1;
			remoteInfo = TicTacToe;
		};
/* End PBXContainerItemProxy section */

/* Begin PBXFileReference section */
		07D4E363247D83EF00C62815 /* README.md */ = {isa = PBXFileReference; lastKnownFileType = net.daringfireball.markdown; path = README.md; sourceTree = "<group>"; };
		07D50F9224475C4600BE75D1 /* TicTacToe.app */ = {isa = PBXFileReference; explicitFileType = wrapper.application; includeInIndex = 0; path = TicTacToe.app; sourceTree = BUILT_PRODUCTS_DIR; };
		07D50F9524475C4600BE75D1 /* AppDelegate.swift */ = {isa = PBXFileReference; lastKnownFileType = sourcecode.swift; path = AppDelegate.swift; sourceTree = "<group>"; };
		07D50F9724475C4600BE75D1 /* SceneDelegate.swift */ = {isa = PBXFileReference; lastKnownFileType = sourcecode.swift; path = SceneDelegate.swift; sourceTree = "<group>"; };
		07D50F9924475C4600BE75D1 /* ViewController.swift */ = {isa = PBXFileReference; lastKnownFileType = sourcecode.swift; path = ViewController.swift; sourceTree = "<group>"; };
		07D50F9C24475C4600BE75D1 /* Base */ = {isa = PBXFileReference; lastKnownFileType = file.storyboard; name = Base; path = Base.lproj/Main.storyboard; sourceTree = "<group>"; };
		07D50F9E24475C4C00BE75D1 /* Assets.xcassets */ = {isa = PBXFileReference; lastKnownFileType = folder.assetcatalog; path = Assets.xcassets; sourceTree = "<group>"; };
		07D50FA124475C4C00BE75D1 /* Base */ = {isa = PBXFileReference; lastKnownFileType = file.storyboard; name = Base; path = Base.lproj/LaunchScreen.storyboard; sourceTree = "<group>"; };
		07D50FA324475C4C00BE75D1 /* Info.plist */ = {isa = PBXFileReference; lastKnownFileType = text.plist.xml; path = Info.plist; sourceTree = "<group>"; };
		07D50FA824475C4C00BE75D1 /* TicTacToeTests.xctest */ = {isa = PBXFileReference; explicitFileType = wrapper.cfbundle; includeInIndex = 0; path = TicTacToeTests.xctest; sourceTree = BUILT_PRODUCTS_DIR; };
		07D50FAC24475C4C00BE75D1 /* TicTacToeTests.swift */ = {isa = PBXFileReference; lastKnownFileType = sourcecode.swift; path = TicTacToeTests.swift; sourceTree = "<group>"; };
		07D50FAE24475C4C00BE75D1 /* Info.plist */ = {isa = PBXFileReference; lastKnownFileType = text.plist.xml; path = Info.plist; sourceTree = "<group>"; };
		07D50FB324475C4C00BE75D1 /* TicTacToeUITests.xctest */ = {isa = PBXFileReference; explicitFileType = wrapper.cfbundle; includeInIndex = 0; path = TicTacToeUITests.xctest; sourceTree = BUILT_PRODUCTS_DIR; };
		07D50FB724475C4C00BE75D1 /* TicTacToeUITests.swift */ = {isa = PBXFileReference; lastKnownFileType = sourcecode.swift; path = TicTacToeUITests.swift; sourceTree = "<group>"; };
		07D50FB924475C4C00BE75D1 /* Info.plist */ = {isa = PBXFileReference; lastKnownFileType = text.plist.xml; path = Info.plist; sourceTree = "<group>"; };
/* End PBXFileReference section */

/* Begin PBXFrameworksBuildPhase section */
		07D50F8F24475C4600BE75D1 /* Frameworks */ = {
			isa = PBXFrameworksBuildPhase;
			buildActionMask = 2147483647;
			files = (
			);
			runOnlyForDeploymentPostprocessing = 0;
		};
		07D50FA524475C4C00BE75D1 /* Frameworks */ = {
			isa = PBXFrameworksBuildPhase;
			buildActionMask = 2147483647;
			files = (
			);
			runOnlyForDeploymentPostprocessing = 0;
		};
		07D50FB024475C4C00BE75D1 /* Frameworks */ = {
			isa = PBXFrameworksBuildPhase;
			buildActionMask = 2147483647;
			files = (
			);
			runOnlyForDeploymentPostprocessing = 0;
		};
/* End PBXFrameworksBuildPhase section */

/* Begin PBXGroup section */
		07D50F8924475C4600BE75D1 = {
			isa = PBXGroup;
			children = (
				07D4E363247D83EF00C62815 /* README.md */,
				07D50F9424475C4600BE75D1 /* TicTacToe */,
				07D50FAB24475C4C00BE75D1 /* TicTacToeTests */,
				07D50FB624475C4C00BE75D1 /* TicTacToeUITests */,
				07D50F9324475C4600BE75D1 /* Products */,
			);
			sourceTree = "<group>";
		};
		07D50F9324475C4600BE75D1 /* Products */ = {
			isa = PBXGroup;
			children = (
				07D50F9224475C4600BE75D1 /* TicTacToe.app */,
				07D50FA824475C4C00BE75D1 /* TicTacToeTests.xctest */,
				07D50FB324475C4C00BE75D1 /* TicTacToeUITests.xctest */,
			);
			name = Products;
			sourceTree = "<group>";
		};
		07D50F9424475C4600BE75D1 /* TicTacToe */ = {
			isa = PBXGroup;
			children = (
				07D50F9524475C4600BE75D1 /* AppDelegate.swift */,
				07D50F9724475C4600BE75D1 /* SceneDelegate.swift */,
				07D50F9924475C4600BE75D1 /* ViewController.swift */,
				07D50F9B24475C4600BE75D1 /* Main.storyboard */,
				07D50F9E24475C4C00BE75D1 /* Assets.xcassets */,
				07D50FA024475C4C00BE75D1 /* LaunchScreen.storyboard */,
				07D50FA324475C4C00BE75D1 /* Info.plist */,
			);
			path = TicTacToe;
			sourceTree = "<group>";
		};
		07D50FAB24475C4C00BE75D1 /* TicTacToeTests */ = {
			isa = PBXGroup;
			children = (
				07D50FAC24475C4C00BE75D1 /* TicTacToeTests.swift */,
				07D50FAE24475C4C00BE75D1 /* Info.plist */,
			);
			path = TicTacToeTests;
			sourceTree = "<group>";
		};
		07D50FB624475C4C00BE75D1 /* TicTacToeUITests */ = {
			isa = PBXGroup;
			children = (
				07D50FB724475C4C00BE75D1 /* TicTacToeUITests.swift */,
				07D50FB924475C4C00BE75D1 /* Info.plist */,
			);
			path = TicTacToeUITests;
			sourceTree = "<group>";
		};
/* End PBXGroup section */

/* Begin PBXNativeTarget section */
		07D50F9124475C4600BE75D1 /* TicTacToe */ = {
			isa = PBXNativeTarget;
			buildConfigurationList = 07D50FBC24475C4C00BE75D1 /* Build configuration list for PBXNativeTarget "TicTacToe" */;
			buildPhases = (
				07D50F8E24475C4600BE75D1 /* Sources */,
				07D50F8F24475C4600BE75D1 /* Frameworks */,
				07D50F9024475C4600BE75D1 /* Resources */,
			);
			buildRules = (
			);
			dependencies = (
			);
			name = TicTacToe;
			productName = TicTacToe;
			productReference = 07D50F9224475C4600BE75D1 /* TicTacToe.app */;
			productType = "com.apple.product-type.application";
		};
		07D50FA724475C4C00BE75D1 /* TicTacToeTests */ = {
			isa = PBXNativeTarget;
			buildConfigurationList = 07D50FBF24475C4C00BE75D1 /* Build configuration list for PBXNativeTarget "TicTacToeTests" */;
			buildPhases = (
				07D50FA424475C4C00BE75D1 /* Sources */,
				07D50FA524475C4C00BE75D1 /* Frameworks */,
				07D50FA624475C4C00BE75D1 /* Resources */,
			);
			buildRules = (
			);
			dependencies = (
				07D50FAA24475C4C00BE75D1 /* PBXTargetDependency */,
			);
			name = TicTacToeTests;
			productName = TicTacToeTests;
			productReference = 07D50FA824475C4C00BE75D1 /* TicTacToeTests.xctest */;
			productType = "com.apple.product-type.bundle.unit-test";
		};
		07D50FB224475C4C00BE75D1 /* TicTacToeUITests */ = {
			isa = PBXNativeTarget;
			buildConfigurationList = 07D50FC224475C4C00BE75D1 /* Build configuration list for PBXNativeTarget "TicTacToeUITests" */;
			buildPhases = (
				07D50FAF24475C4C00BE75D1 /* Sources */,
				07D50FB024475C4C00BE75D1 /* Frameworks */,
				07D50FB124475C4C00BE75D1 /* Resources */,
			);
			buildRules = (
			);
			dependencies = (
				07D50FB524475C4C00BE75D1 /* PBXTargetDependency */,
			);
			name = TicTacToeUITests;
			productName = TicTacToeUITests;
			productReference = 07D50FB324475C4C00BE75D1 /* TicTacToeUITests.xctest */;
			productType = "com.apple.product-type.bundle.ui-testing";
		};
/* End PBXNativeTarget section */

/* Begin PBXProject section */
		07D50F8A24475C4600BE75D1 /* Project object */ = {
			isa = PBXProject;
			attributes = {
				LastSwiftUpdateCheck = 1130;
				LastUpgradeCheck = 1130;
				ORGANIZATIONNAME = "Xenia Sidorova";
				TargetAttributes = {
					07D50F9124475C4600BE75D1 = {
						CreatedOnToolsVersion = 11.3.1;
					};
					07D50FA724475C4C00BE75D1 = {
						CreatedOnToolsVersion = 11.3.1;
						TestTargetID = 07D50F9124475C4600BE75D1;
					};
					07D50FB224475C4C00BE75D1 = {
						CreatedOnToolsVersion = 11.3.1;
						TestTargetID = 07D50F9124475C4600BE75D1;
					};
				};
			};
			buildConfigurationList = 07D50F8D24475C4600BE75D1 /* Build configuration list for PBXProject "TicTacToe" */;
			compatibilityVersion = "Xcode 9.3";
			developmentRegion = en;
			hasScannedForEncodings = 0;
			knownRegions = (
				en,
				Base,
			);
			mainGroup = 07D50F8924475C4600BE75D1;
			productRefGroup = 07D50F9324475C4600BE75D1 /* Products */;
			projectDirPath = "";
			projectRoot = "";
			targets = (
				07D50F9124475C4600BE75D1 /* TicTacToe */,
				07D50FA724475C4C00BE75D1 /* TicTacToeTests */,
				07D50FB224475C4C00BE75D1 /* TicTacToeUITests */,
			);
		};
/* End PBXProject section */

/* Begin PBXResourcesBuildPhase section */
		07D50F9024475C4600BE75D1 /* Resources */ = {
			isa = PBXResourcesBuildPhase;
			buildActionMask = 2147483647;
			files = (
				07D50FA224475C4C00BE75D1 /* LaunchScreen.storyboard in Resources */,
				07D50F9F24475C4C00BE75D1 /* Assets.xcassets in Resources */,
				07D50F9D24475C4600BE75D1 /* Main.storyboard in Resources */,
			);
			runOnlyForDeploymentPostprocessing = 0;
		};
		07D50FA624475C4C00BE75D1 /* Resources */ = {
			isa = PBXResourcesBuildPhase;
			buildActionMask = 2147483647;
			files = (
			);
			runOnlyForDeploymentPostprocessing = 0;
		};
		07D50FB124475C4C00BE75D1 /* Resources */ = {
			isa = PBXResourcesBuildPhase;
			buildActionMask = 2147483647;
			files = (
			);
			runOnlyForDeploymentPostprocessing = 0;
		};
/* End PBXResourcesBuildPhase section */

/* Begin PBXSourcesBuildPhase section */
		07D50F8E24475C4600BE75D1 /* Sources */ = {
			isa = PBXSourcesBuildPhase;
			buildActionMask = 2147483647;
			files = (
				07D50F9A24475C4600BE75D1 /* ViewController.swift in Sources */,
				07D50F9624475C4600BE75D1 /* AppDelegate.swift in Sources */,
				07D50F9824475C4600BE75D1 /* SceneDelegate.swift in Sources */,
			);
			runOnlyForDeploymentPostprocessing = 0;
		};
		07D50FA424475C4C00BE75D1 /* Sources */ = {
			isa = PBXSourcesBuildPhase;
			buildActionMask = 2147483647;
			files = (
				07D50FAD24475C4C00BE75D1 /* TicTacToeTests.swift in Sources */,
			);
			runOnlyForDeploymentPostprocessing = 0;
		};
		07D50FAF24475C4C00BE75D1 /* Sources */ = {
			isa = PBXSourcesBuildPhase;
			buildActionMask = 2147483647;
			files = (
				07D50FB824475C4C00BE75D1 /* TicTacToeUITests.swift in Sources */,
			);
			runOnlyForDeploymentPostprocessing = 0;
		};
/* End PBXSourcesBuildPhase section */

/* Begin PBXTargetDependency section */
		07D50FAA24475C4C00BE75D1 /* PBXTargetDependency */ = {
			isa = PBXTargetDependency;
			target = 07D50F9124475C4600BE75D1 /* TicTacToe */;
			targetProxy = 07D50FA924475C4C00BE75D1 /* PBXContainerItemProxy */;
		};
		07D50FB524475C4C00BE75D1 /* PBXTargetDependency */ = {
			isa = PBXTargetDependency;
			target = 07D50F9124475C4600BE75D1 /* TicTacToe */;
			targetProxy = 07D50FB424475C4C00BE75D1 /* PBXContainerItemProxy */;
		};
/* End PBXTargetDependency section */

/* Begin PBXVariantGroup section */
		07D50F9B24475C4600BE75D1 /* Main.storyboard */ = {
			isa = PBXVariantGroup;
			children = (
				07D50F9C24475C4600BE75D1 /* Base */,
			);
			name = Main.storyboard;
			sourceTree = "<group>";
		};
		07D50FA024475C4C00BE75D1 /* LaunchScreen.storyboard */ = {
			isa = PBXVariantGroup;
			children = (
				07D50FA124475C4C00BE75D1 /* Base */,
			);
			name = LaunchScreen.storyboard;
			sourceTree = "<group>";
		};
/* End PBXVariantGroup section */

/* Begin XCBuildConfiguration section */
		07D50FBA24475C4C00BE75D1 /* Debug */ = {
			isa = XCBuildConfiguration;
			buildSettings = {
				ALWAYS_SEARCH_USER_PATHS = NO;
				CLANG_ANALYZER_NONNULL = YES;
				CLANG_ANALYZER_NUMBER_OBJECT_CONVERSION = YES_AGGRESSIVE;
				CLANG_CXX_LANGUAGE_STANDARD = "gnu++14";
				CLANG_CXX_LIBRARY = "libc++";
				CLANG_ENABLE_MODULES = YES;
				CLANG_ENABLE_OBJC_ARC = YES;
				CLANG_ENABLE_OBJC_WEAK = YES;
				CLANG_WARN_BLOCK_CAPTURE_AUTORELEASING = YES;
				CLANG_WARN_BOOL_CONVERSION = YES;
				CLANG_WARN_COMMA = YES;
				CLANG_WARN_CONSTANT_CONVERSION = YES;
				CLANG_WARN_DEPRECATED_OBJC_IMPLEMENTATIONS = YES;
				CLANG_WARN_DIRECT_OBJC_ISA_USAGE = YES_ERROR;
				CLANG_WARN_DOCUMENTATION_COMMENTS = YES;
				CLANG_WARN_EMPTY_BODY = YES;
				CLANG_WARN_ENUM_CONVERSION = YES;
				CLANG_WARN_INFINITE_RECURSION = YES;
				CLANG_WARN_INT_CONVERSION = YES;
				CLANG_WARN_NON_LITERAL_NULL_CONVERSION = YES;
				CLANG_WARN_OBJC_IMPLICIT_RETAIN_SELF = YES;
				CLANG_WARN_OBJC_LITERAL_CONVERSION = YES;
				CLANG_WARN_OBJC_ROOT_CLASS = YES_ERROR;
				CLANG_WARN_RANGE_LOOP_ANALYSIS = YES;
				CLANG_WARN_STRICT_PROTOTYPES = YES;
				CLANG_WARN_SUSPICIOUS_MOVE = YES;
				CLANG_WARN_UNGUARDED_AVAILABILITY = YES_AGGRESSIVE;
				CLANG_WARN_UNREACHABLE_CODE = YES;
				CLANG_WARN__DUPLICATE_METHOD_MATCH = YES;
				COPY_PHASE_STRIP = NO;
				DEBUG_INFORMATION_FORMAT = dwarf;
				ENABLE_STRICT_OBJC_MSGSEND = YES;
				ENABLE_TESTABILITY = YES;
				GCC_C_LANGUAGE_STANDARD = gnu11;
				GCC_DYNAMIC_NO_PIC = NO;
				GCC_NO_COMMON_BLOCKS = YES;
				GCC_OPTIMIZATION_LEVEL = 0;
				GCC_PREPROCESSOR_DEFINITIONS = (
					"DEBUG=1",
					"$(inherited)",
				);
				GCC_WARN_64_TO_32_BIT_CONVERSION = YES;
				GCC_WARN_ABOUT_RETURN_TYPE = YES_ERROR;
				GCC_WARN_UNDECLARED_SELECTOR = YES;
				GCC_WARN_UNINITIALIZED_AUTOS = YES_AGGRESSIVE;
				GCC_WARN_UNUSED_FUNCTION = YES;
				GCC_WARN_UNUSED_VARIABLE = YES;
				IPHONEOS_DEPLOYMENT_TARGET = 13.2;
				MTL_ENABLE_DEBUG_INFO = INCLUDE_SOURCE;
				MTL_FAST_MATH = YES;
				ONLY_ACTIVE_ARCH = YES;
				SDKROOT = iphoneos;
				SWIFT_ACTIVE_COMPILATION_CONDITIONS = DEBUG;
				SWIFT_OPTIMIZATION_LEVEL = "-Onone";
			};
			name = Debug;
		};
		07D50FBB24475C4C00BE75D1 /* Release */ = {
			isa = XCBuildConfiguration;
			buildSettings = {
				ALWAYS_SEARCH_USER_PATHS = NO;
				CLANG_ANALYZER_NONNULL = YES;
				CLANG_ANALYZER_NUMBER_OBJECT_CONVERSION = YES_AGGRESSIVE;
				CLANG_CXX_LANGUAGE_STANDARD = "gnu++14";
				CLANG_CXX_LIBRARY = "libc++";
				CLANG_ENABLE_MODULES = YES;
				CLANG_ENABLE_OBJC_ARC = YES;
				CLANG_ENABLE_OBJC_WEAK = YES;
				CLANG_WARN_BLOCK_CAPTURE_AUTORELEASING = YES;
				CLANG_WARN_BOOL_CONVERSION = YES;
				CLANG_WARN_COMMA = YES;
				CLANG_WARN_CONSTANT_CONVERSION = YES;
				CLANG_WARN_DEPRECATED_OBJC_IMPLEMENTATIONS = YES;
				CLANG_WARN_DIRECT_OBJC_ISA_USAGE = YES_ERROR;
				CLANG_WARN_DOCUMENTATION_COMMENTS = YES;
				CLANG_WARN_EMPTY_BODY = YES;
				CLANG_WARN_ENUM_CONVERSION = YES;
				CLANG_WARN_INFINITE_RECURSION = YES;
				CLANG_WARN_INT_CONVERSION = YES;
				CLANG_WARN_NON_LITERAL_NULL_CONVERSION = YES;
				CLANG_WARN_OBJC_IMPLICIT_RETAIN_SELF = YES;
				CLANG_WARN_OBJC_LITERAL_CONVERSION = YES;
				CLANG_WARN_OBJC_ROOT_CLASS = YES_ERROR;
				CLANG_WARN_RANGE_LOOP_ANALYSIS = YES;
				CLANG_WARN_STRICT_PROTOTYPES = YES;
				CLANG_WARN_SUSPICIOUS_MOVE = YES;
				CLANG_WARN_UNGUARDED_AVAILABILITY = YES_AGGRESSIVE;
				CLANG_WARN_UNREACHABLE_CODE = YES;
				CLANG_WARN__DUPLICATE_METHOD_MATCH = YES;
				COPY_PHASE_STRIP = NO;
				DEBUG_INFORMATION_FORMAT = "dwarf-with-dsym";
				ENABLE_NS_ASSERTIONS = NO;
				ENABLE_STRICT_OBJC_MSGSEND = YES;
				GCC_C_LANGUAGE_STANDARD = gnu11;
				GCC_NO_COMMON_BLOCKS = YES;
				GCC_WARN_64_TO_32_BIT_CONVERSION = YES;
				GCC_WARN_ABOUT_RETURN_TYPE = YES_ERROR;
				GCC_WARN_UNDECLARED_SELECTOR = YES;
				GCC_WARN_UNINITIALIZED_AUTOS = YES_AGGRESSIVE;
				GCC_WARN_UNUSED_FUNCTION = YES;
				GCC_WARN_UNUSED_VARIABLE = YES;
				IPHONEOS_DEPLOYMENT_TARGET = 13.2;
				MTL_ENABLE_DEBUG_INFO = NO;
				MTL_FAST_MATH = YES;
				SDKROOT = iphoneos;
				SWIFT_COMPILATION_MODE = wholemodule;
				SWIFT_OPTIMIZATION_LEVEL = "-O";
				VALIDATE_PRODUCT = YES;
			};
			name = Release;
		};
		07D50FBD24475C4C00BE75D1 /* Debug */ = {
			isa = XCBuildConfiguration;
			buildSettings = {
				ASSETCATALOG_COMPILER_APPICON_NAME = AppIcon;
				CODE_SIGN_STYLE = Automatic;
				DEVELOPMENT_TEAM = DUCQ9RK947;
				INFOPLIST_FILE = TicTacToe/Info.plist;
				LD_RUNPATH_SEARCH_PATHS = (
					"$(inherited)",
					"@executable_path/Frameworks",
				);
				PRODUCT_BUNDLE_IDENTIFIER = com.example.TicTacToe;
				PRODUCT_NAME = "$(TARGET_NAME)";
				SWIFT_VERSION = 5.0;
				TARGETED_DEVICE_FAMILY = "1,2";
			};
			name = Debug;
		};
		07D50FBE24475C4C00BE75D1 /* Release */ = {
			isa = XCBuildConfiguration;
			buildSettings = {
				ASSETCATALOG_COMPILER_APPICON_NAME = AppIcon;
				CODE_SIGN_STYLE = Automatic;
				DEVELOPMENT_TEAM = DUCQ9RK947;
				INFOPLIST_FILE = TicTacToe/Info.plist;
				LD_RUNPATH_SEARCH_PATHS = (
					"$(inherited)",
					"@executable_path/Frameworks",
				);
				PRODUCT_BUNDLE_IDENTIFIER = com.example.TicTacToe;
				PRODUCT_NAME = "$(TARGET_NAME)";
				SWIFT_VERSION = 5.0;
				TARGETED_DEVICE_FAMILY = "1,2";
			};
			name = Release;
		};
		07D50FC024475C4C00BE75D1 /* Debug */ = {
			isa = XCBuildConfiguration;
			buildSettings = {
				ALWAYS_EMBED_SWIFT_STANDARD_LIBRARIES = YES;
				BUNDLE_LOADER = "$(TEST_HOST)";
				CODE_SIGN_STYLE = Automatic;
				DEVELOPMENT_TEAM = DUCQ9RK947;
				INFOPLIST_FILE = TicTacToeTests/Info.plist;
				IPHONEOS_DEPLOYMENT_TARGET = 13.2;
				LD_RUNPATH_SEARCH_PATHS = (
					"$(inherited)",
					"@executable_path/Frameworks",
					"@loader_path/Frameworks",
				);
				PRODUCT_BUNDLE_IDENTIFIER = com.example.TicTacToeTests;
				PRODUCT_NAME = "$(TARGET_NAME)";
				SWIFT_VERSION = 5.0;
				TARGETED_DEVICE_FAMILY = "1,2";
				TEST_HOST = "$(BUILT_PRODUCTS_DIR)/TicTacToe.app/TicTacToe";
			};
			name = Debug;
		};
		07D50FC124475C4C00BE75D1 /* Release */ = {
			isa = XCBuildConfiguration;
			buildSettings = {
				ALWAYS_EMBED_SWIFT_STANDARD_LIBRARIES = YES;
				BUNDLE_LOADER = "$(TEST_HOST)";
				CODE_SIGN_STYLE = Automatic;
				DEVELOPMENT_TEAM = DUCQ9RK947;
				INFOPLIST_FILE = TicTacToeTests/Info.plist;
				IPHONEOS_DEPLOYMENT_TARGET = 13.2;
				LD_RUNPATH_SEARCH_PATHS = (
					"$(inherited)",
					"@executable_path/Frameworks",
					"@loader_path/Frameworks",
				);
				PRODUCT_BUNDLE_IDENTIFIER = com.example.TicTacToeTests;
				PRODUCT_NAME = "$(TARGET_NAME)";
				SWIFT_VERSION = 5.0;
				TARGETED_DEVICE_FAMILY = "1,2";
				TEST_HOST = "$(BUILT_PRODUCTS_DIR)/TicTacToe.app/TicTacToe";
			};
			name = Release;
		};
		07D50FC324475C4C00BE75D1 /* Debug */ = {
			isa = XCBuildConfiguration;
			buildSettings = {
				ALWAYS_EMBED_SWIFT_STANDARD_LIBRARIES = YES;
				CODE_SIGN_STYLE = Automatic;
				DEVELOPMENT_TEAM = DUCQ9RK947;
				INFOPLIST_FILE = TicTacToeUITests/Info.plist;
				LD_RUNPATH_SEARCH_PATHS = (
					"$(inherited)",
					"@executable_path/Frameworks",
					"@loader_path/Frameworks",
				);
				PRODUCT_BUNDLE_IDENTIFIER = com.example.TicTacToeUITests;
				PRODUCT_NAME = "$(TARGET_NAME)";
				SWIFT_VERSION = 5.0;
				TARGETED_DEVICE_FAMILY = "1,2";
				TEST_TARGET_NAME = TicTacToe;
			};
			name = Debug;
		};
		07D50FC424475C4C00BE75D1 /* Release */ = {
			isa = XCBuildConfiguration;
			buildSettings = {
				ALWAYS_EMBED_SWIFT_STANDARD_LIBRARIES = YES;
				CODE_SIGN_STYLE = Automatic;
				DEVELOPMENT_TEAM = DUCQ9RK947;
				INFOPLIST_FILE = TicTacToeUITests/Info.plist;
				LD_RUNPATH_SEARCH_PATHS = (
					"$(inherited)",
					"@executable_path/Frameworks",
					"@loader_path/Frameworks",
				);
				PRODUCT_BUNDLE_IDENTIFIER = com.example.TicTacToeUITests;
				PRODUCT_NAME = "$(TARGET_NAME)";
				SWIFT_VERSION = 5.0;
				TARGETED_DEVICE_FAMILY = "1,2";
				TEST_TARGET_NAME = TicTacToe;
			};
			name = Release;
		};
/* End XCBuildConfiguration section */

/* Begin XCConfigurationList section */
		07D50F8D24475C4600BE75D1 /* Build configuration list for PBXProject "TicTacToe" */ = {
			isa = XCConfigurationList;
			buildConfigurations = (
				07D50FBA24475C4C00BE75D1 /* Debug */,
				07D50FBB24475C4C00BE75D1 /* Release */,
			);
			defaultConfigurationIsVisible = 0;
			defaultConfigurationName = Release;
		};
		07D50FBC24475C4C00BE75D1 /* Build configuration list for PBXNativeTarget "TicTacToe" */ = {
			isa = XCConfigurationList;
			buildConfigurations = (
				07D50FBD24475C4C00BE75D1 /* Debug */,
				07D50FBE24475C4C00BE75D1 /* Release */,
			);
			defaultConfigurationIsVisible = 0;
			defaultConfigurationName = Release;
		};
		07D50FBF24475C4C00BE75D1 /* Build configuration list for PBXNativeTarget "TicTacToeTests" */ = {
			isa = XCConfigurationList;
			buildConfigurations = (
				07D50FC024475C4C00BE75D1 /* Debug */,
				07D50FC124475C4C00BE75D1 /* Release */,
			);
			defaultConfigurationIsVisible = 0;
			defaultConfigurationName = Release;
		};
		07D50FC224475C4C00BE75D1 /* Build configuration list for PBXNativeTarget "TicTacToeUITests" */ = {
			isa = XCConfigurationList;
			buildConfigurations = (
				07D50FC324475C4C00BE75D1 /* Debug */,
				07D50FC424475C4C00BE75D1 /* Release */,
			);
			defaultConfigurationIsVisible = 0;
			defaultConfigurationName = Release;
		};
/* End XCConfigurationList section */
	};
	rootObject = 07D50F8A24475C4600BE75D1 /* Project object */;
}
